// !$*UTF8*$!
{
	archiveVersion = 1;
	classes = {
	};
	objectVersion = 56;
	objects = {

/* Begin PBXBuildFile section */
		26FA68EF2BCA577900FD33CD /* Dal_DaApp.swift in Sources */ = {isa = PBXBuildFile; fileRef = 26FA68EE2BCA577900FD33CD /* Dal_DaApp.swift */; };
		26FA68F12BCA577900FD33CD /* ContentView.swift in Sources */ = {isa = PBXBuildFile; fileRef = 26FA68F02BCA577900FD33CD /* ContentView.swift */; };
		26FA68F32BCA577B00FD33CD /* Assets.xcassets in Resources */ = {isa = PBXBuildFile; fileRef = 26FA68F22BCA577B00FD33CD /* Assets.xcassets */; };
		26FA68F62BCA577B00FD33CD /* Preview Assets.xcassets in Resources */ = {isa = PBXBuildFile; fileRef = 26FA68F52BCA577B00FD33CD /* Preview Assets.xcassets */; };
		26FA68FD2BCA58FF00FD33CD /* SplashView.swift in Sources */ = {isa = PBXBuildFile; fileRef = 26FA68FC2BCA58FF00FD33CD /* SplashView.swift */; };
		26FA69012BCA6E4300FD33CD /* DateView.swift in Sources */ = {isa = PBXBuildFile; fileRef = 26FA69002BCA6E4300FD33CD /* DateView.swift */; };
		26FA69052BCA752E00FD33CD /* Assets.swift in Sources */ = {isa = PBXBuildFile; fileRef = 26FA69042BCA752E00FD33CD /* Assets.swift */; };
		26FA690A2BCA81EB00FD33CD /* HomeView.swift in Sources */ = {isa = PBXBuildFile; fileRef = 26FA69092BCA81EB00FD33CD /* HomeView.swift */; };
		26FA690D2BCB835600FD33CD /* SnapCarouselView.swift in Sources */ = {isa = PBXBuildFile; fileRef = 26FA690C2BCB835600FD33CD /* SnapCarouselView.swift */; };
		26FA690F2BCB854C00FD33CD /* MoonCard.swift in Sources */ = {isa = PBXBuildFile; fileRef = 26FA690E2BCB854C00FD33CD /* MoonCard.swift */; };
		26FA69112BCB86D300FD33CD /* MoonCardView.swift in Sources */ = {isa = PBXBuildFile; fileRef = 26FA69102BCB86D300FD33CD /* MoonCardView.swift */; };
		26FA69132BCBC9EB00FD33CD /* MoonDetailView.swift in Sources */ = {isa = PBXBuildFile; fileRef = 26FA69122BCBC9EB00FD33CD /* MoonDetailView.swift */; };
		26FA69162BCC1BF900FD33CD /* CameraView.swift in Sources */ = {isa = PBXBuildFile; fileRef = 26FA69152BCC1BF900FD33CD /* CameraView.swift */; };
		26FA691E2BCD157800FD33CD /* CameraViewModel.swift in Sources */ = {isa = PBXBuildFile; fileRef = 26FA691D2BCD157800FD33CD /* CameraViewModel.swift */; };
		26FA69202BCD15C200FD33CD /* CameraPreviewView.swift in Sources */ = {isa = PBXBuildFile; fileRef = 26FA691F2BCD15C200FD33CD /* CameraPreviewView.swift */; };
		26FA69222BCD17AA00FD33CD /* Camera.swift in Sources */ = {isa = PBXBuildFile; fileRef = 26FA69212BCD17AA00FD33CD /* Camera.swift */; };
		26FA692D2BCE619D00FD33CD /* ImageView.swift in Sources */ = {isa = PBXBuildFile; fileRef = 26FA692C2BCE619D00FD33CD /* ImageView.swift */; };
		26FA69332BCE9BE800FD33CD /* ImageInfoView.swift in Sources */ = {isa = PBXBuildFile; fileRef = 26FA69322BCE9BE800FD33CD /* ImageInfoView.swift */; };
		26FA69362BCEEC7400FD33CD /* DateUtilities.swift in Sources */ = {isa = PBXBuildFile; fileRef = 26FA69352BCEEC7400FD33CD /* DateUtilities.swift */; };
		26FA69392BCEEEF900FD33CD /* MoonPhase.swift in Sources */ = {isa = PBXBuildFile; fileRef = 26FA69382BCEEEF900FD33CD /* MoonPhase.swift */; };
/* End PBXBuildFile section */

/* Begin PBXFileReference section */
		26FA68EB2BCA577900FD33CD /* Dal_Da.app */ = {isa = PBXFileReference; explicitFileType = wrapper.application; includeInIndex = 0; path = Dal_Da.app; sourceTree = BUILT_PRODUCTS_DIR; };
		26FA68EE2BCA577900FD33CD /* Dal_DaApp.swift */ = {isa = PBXFileReference; lastKnownFileType = sourcecode.swift; path = Dal_DaApp.swift; sourceTree = "<group>"; };
		26FA68F02BCA577900FD33CD /* ContentView.swift */ = {isa = PBXFileReference; lastKnownFileType = sourcecode.swift; path = ContentView.swift; sourceTree = "<group>"; };
		26FA68F22BCA577B00FD33CD /* Assets.xcassets */ = {isa = PBXFileReference; lastKnownFileType = folder.assetcatalog; path = Assets.xcassets; sourceTree = "<group>"; };
		26FA68F52BCA577B00FD33CD /* Preview Assets.xcassets */ = {isa = PBXFileReference; lastKnownFileType = folder.assetcatalog; path = "Preview Assets.xcassets"; sourceTree = "<group>"; };
		26FA68FC2BCA58FF00FD33CD /* SplashView.swift */ = {isa = PBXFileReference; lastKnownFileType = sourcecode.swift; path = SplashView.swift; sourceTree = "<group>"; };
		26FA69002BCA6E4300FD33CD /* DateView.swift */ = {isa = PBXFileReference; lastKnownFileType = sourcecode.swift; path = DateView.swift; sourceTree = "<group>"; };
		26FA69042BCA752E00FD33CD /* Assets.swift */ = {isa = PBXFileReference; lastKnownFileType = sourcecode.swift; path = Assets.swift; sourceTree = "<group>"; };
		26FA69092BCA81EB00FD33CD /* HomeView.swift */ = {isa = PBXFileReference; lastKnownFileType = sourcecode.swift; path = HomeView.swift; sourceTree = "<group>"; };
		26FA690C2BCB835600FD33CD /* SnapCarouselView.swift */ = {isa = PBXFileReference; lastKnownFileType = sourcecode.swift; path = SnapCarouselView.swift; sourceTree = "<group>"; };
		26FA690E2BCB854C00FD33CD /* MoonCard.swift */ = {isa = PBXFileReference; lastKnownFileType = sourcecode.swift; path = MoonCard.swift; sourceTree = "<group>"; };
		26FA69102BCB86D300FD33CD /* MoonCardView.swift */ = {isa = PBXFileReference; lastKnownFileType = sourcecode.swift; path = MoonCardView.swift; sourceTree = "<group>"; };
		26FA69122BCBC9EB00FD33CD /* MoonDetailView.swift */ = {isa = PBXFileReference; lastKnownFileType = sourcecode.swift; path = MoonDetailView.swift; sourceTree = "<group>"; };
		26FA69152BCC1BF900FD33CD /* CameraView.swift */ = {isa = PBXFileReference; lastKnownFileType = sourcecode.swift; path = CameraView.swift; sourceTree = "<group>"; };
		26FA691D2BCD157800FD33CD /* CameraViewModel.swift */ = {isa = PBXFileReference; lastKnownFileType = sourcecode.swift; path = CameraViewModel.swift; sourceTree = "<group>"; };
		26FA691F2BCD15C200FD33CD /* CameraPreviewView.swift */ = {isa = PBXFileReference; lastKnownFileType = sourcecode.swift; path = CameraPreviewView.swift; sourceTree = "<group>"; };
		26FA69212BCD17AA00FD33CD /* Camera.swift */ = {isa = PBXFileReference; lastKnownFileType = sourcecode.swift; path = Camera.swift; sourceTree = "<group>"; };
		26FA69232BCD1ABE00FD33CD /* Dal-Da-Info.plist */ = {isa = PBXFileReference; lastKnownFileType = text.plist; path = "Dal-Da-Info.plist"; sourceTree = SOURCE_ROOT; };
		26FA692C2BCE619D00FD33CD /* ImageView.swift */ = {isa = PBXFileReference; lastKnownFileType = sourcecode.swift; path = ImageView.swift; sourceTree = "<group>"; };
		26FA69322BCE9BE800FD33CD /* ImageInfoView.swift */ = {isa = PBXFileReference; lastKnownFileType = sourcecode.swift; path = ImageInfoView.swift; sourceTree = "<group>"; };
		26FA69352BCEEC7400FD33CD /* DateUtilities.swift */ = {isa = PBXFileReference; lastKnownFileType = sourcecode.swift; path = DateUtilities.swift; sourceTree = "<group>"; };
		26FA69382BCEEEF900FD33CD /* MoonPhase.swift */ = {isa = PBXFileReference; lastKnownFileType = sourcecode.swift; path = MoonPhase.swift; sourceTree = "<group>"; };
/* End PBXFileReference section */

/* Begin PBXFrameworksBuildPhase section */
		26FA68E82BCA577900FD33CD /* Frameworks */ = {
			isa = PBXFrameworksBuildPhase;
			buildActionMask = 2147483647;
			files = (
			);
			runOnlyForDeploymentPostprocessing = 0;
		};
/* End PBXFrameworksBuildPhase section */

/* Begin PBXGroup section */
		26FA68E22BCA577900FD33CD = {
			isa = PBXGroup;
			children = (
				26FA68ED2BCA577900FD33CD /* Dal_Da */,
				26FA68EC2BCA577900FD33CD /* Products */,
			);
			sourceTree = "<group>";
		};
		26FA68EC2BCA577900FD33CD /* Products */ = {
			isa = PBXGroup;
			children = (
				26FA68EB2BCA577900FD33CD /* Dal_Da.app */,
			);
			name = Products;
			sourceTree = "<group>";
		};
		26FA68ED2BCA577900FD33CD /* Dal_Da */ = {
			isa = PBXGroup;
			children = (
				26FA69232BCD1ABE00FD33CD /* Dal-Da-Info.plist */,
				26FA68EE2BCA577900FD33CD /* Dal_DaApp.swift */,
				26FA68F02BCA577900FD33CD /* ContentView.swift */,
				26FA68FC2BCA58FF00FD33CD /* SplashView.swift */,
				26FA69032BCA750B00FD33CD /* Resources */,
				26FA69062BCA7C3B00FD33CD /* HomeView */,
				26FA69142BCC1BDB00FD33CD /* CameraView */,
				26FA69292BCE616100FD33CD /* ImageVIew */,
				26FA69342BCEEC5400FD33CD /* Helper */,
				26FA69372BCEEEDC00FD33CD /* Model */,
				26FA68F42BCA577B00FD33CD /* Preview Content */,
			);
			path = Dal_Da;
			sourceTree = "<group>";
		};
		26FA68F42BCA577B00FD33CD /* Preview Content */ = {
			isa = PBXGroup;
			children = (
				26FA68F52BCA577B00FD33CD /* Preview Assets.xcassets */,
			);
			path = "Preview Content";
			sourceTree = "<group>";
		};
		26FA69032BCA750B00FD33CD /* Resources */ = {
			isa = PBXGroup;
			children = (
				26FA69042BCA752E00FD33CD /* Assets.swift */,
				26FA68F22BCA577B00FD33CD /* Assets.xcassets */,
			);
			path = Resources;
			sourceTree = "<group>";
		};
		26FA69062BCA7C3B00FD33CD /* HomeView */ = {
			isa = PBXGroup;
			children = (
				26FA69092BCA81EB00FD33CD /* HomeView.swift */,
				26FA69002BCA6E4300FD33CD /* DateView.swift */,
				26FA690B2BCB82BE00FD33CD /* CarouselCardView */,
			);
			path = HomeView;
			sourceTree = "<group>";
		};
		26FA690B2BCB82BE00FD33CD /* CarouselCardView */ = {
			isa = PBXGroup;
			children = (
				26FA690C2BCB835600FD33CD /* SnapCarouselView.swift */,
				26FA69102BCB86D300FD33CD /* MoonCardView.swift */,
				26FA69122BCBC9EB00FD33CD /* MoonDetailView.swift */,
			);
			path = CarouselCardView;
			sourceTree = "<group>";
		};
		26FA69142BCC1BDB00FD33CD /* CameraView */ = {
			isa = PBXGroup;
			children = (
				26FA69152BCC1BF900FD33CD /* CameraView.swift */,
				26FA691D2BCD157800FD33CD /* CameraViewModel.swift */,
				26FA691F2BCD15C200FD33CD /* CameraPreviewView.swift */,
				26FA69212BCD17AA00FD33CD /* Camera.swift */,
			);
			path = CameraView;
			sourceTree = "<group>";
		};
		26FA69292BCE616100FD33CD /* ImageVIew */ = {
			isa = PBXGroup;
			children = (
				26FA692C2BCE619D00FD33CD /* ImageView.swift */,
				26FA69322BCE9BE800FD33CD /* ImageInfoView.swift */,
			);
			path = ImageVIew;
			sourceTree = "<group>";
		};
		26FA69342BCEEC5400FD33CD /* Helper */ = {
			isa = PBXGroup;
			children = (
				26FA69352BCEEC7400FD33CD /* DateUtilities.swift */,
			);
			path = Helper;
			sourceTree = "<group>";
		};
		26FA69372BCEEEDC00FD33CD /* Model */ = {
			isa = PBXGroup;
			children = (
				26FA690E2BCB854C00FD33CD /* MoonCard.swift */,
				26FA69382BCEEEF900FD33CD /* MoonPhase.swift */,
			);
			path = Model;
			sourceTree = "<group>";
		};
/* End PBXGroup section */

/* Begin PBXNativeTarget section */
		26FA68EA2BCA577900FD33CD /* Dal_Da */ = {
			isa = PBXNativeTarget;
			buildConfigurationList = 26FA68F92BCA577B00FD33CD /* Build configuration list for PBXNativeTarget "Dal_Da" */;
			buildPhases = (
				26FA68E72BCA577900FD33CD /* Sources */,
				26FA68E82BCA577900FD33CD /* Frameworks */,
				26FA68E92BCA577900FD33CD /* Resources */,
			);
			buildRules = (
			);
			dependencies = (
			);
			name = Dal_Da;
			productName = Dal_Da;
			productReference = 26FA68EB2BCA577900FD33CD /* Dal_Da.app */;
			productType = "com.apple.product-type.application";
		};
/* End PBXNativeTarget section */

/* Begin PBXProject section */
		26FA68E32BCA577900FD33CD /* Project object */ = {
			isa = PBXProject;
			attributes = {
				BuildIndependentTargetsInParallel = 1;
				LastSwiftUpdateCheck = 1520;
				LastUpgradeCheck = 1520;
				TargetAttributes = {
					26FA68EA2BCA577900FD33CD = {
						CreatedOnToolsVersion = 15.2;
					};
				};
			};
			buildConfigurationList = 26FA68E62BCA577900FD33CD /* Build configuration list for PBXProject "Dal_Da" */;
			compatibilityVersion = "Xcode 14.0";
			developmentRegion = en;
			hasScannedForEncodings = 0;
			knownRegions = (
				en,
				Base,
			);
			mainGroup = 26FA68E22BCA577900FD33CD;
			productRefGroup = 26FA68EC2BCA577900FD33CD /* Products */;
			projectDirPath = "";
			projectRoot = "";
			targets = (
				26FA68EA2BCA577900FD33CD /* Dal_Da */,
			);
		};
/* End PBXProject section */

/* Begin PBXResourcesBuildPhase section */
		26FA68E92BCA577900FD33CD /* Resources */ = {
			isa = PBXResourcesBuildPhase;
			buildActionMask = 2147483647;
			files = (
				26FA68F62BCA577B00FD33CD /* Preview Assets.xcassets in Resources */,
				26FA68F32BCA577B00FD33CD /* Assets.xcassets in Resources */,
			);
			runOnlyForDeploymentPostprocessing = 0;
		};
/* End PBXResourcesBuildPhase section */

/* Begin PBXSourcesBuildPhase section */
		26FA68E72BCA577900FD33CD /* Sources */ = {
			isa = PBXSourcesBuildPhase;
			buildActionMask = 2147483647;
			files = (
				26FA692D2BCE619D00FD33CD /* ImageView.swift in Sources */,
				26FA69012BCA6E4300FD33CD /* DateView.swift in Sources */,
				26FA690F2BCB854C00FD33CD /* MoonCard.swift in Sources */,
				26FA690A2BCA81EB00FD33CD /* HomeView.swift in Sources */,
				26FA69162BCC1BF900FD33CD /* CameraView.swift in Sources */,
				26FA68F12BCA577900FD33CD /* ContentView.swift in Sources */,
				26FA691E2BCD157800FD33CD /* CameraViewModel.swift in Sources */,
				26FA69052BCA752E00FD33CD /* Assets.swift in Sources */,
				26FA69332BCE9BE800FD33CD /* ImageInfoView.swift in Sources */,
				26FA690D2BCB835600FD33CD /* SnapCarouselView.swift in Sources */,
				26FA69392BCEEEF900FD33CD /* MoonPhase.swift in Sources */,
				26FA69362BCEEC7400FD33CD /* DateUtilities.swift in Sources */,
				26FA68EF2BCA577900FD33CD /* Dal_DaApp.swift in Sources */,
				26FA68FD2BCA58FF00FD33CD /* SplashView.swift in Sources */,
				26FA69202BCD15C200FD33CD /* CameraPreviewView.swift in Sources */,
				26FA69112BCB86D300FD33CD /* MoonCardView.swift in Sources */,
				26FA69222BCD17AA00FD33CD /* Camera.swift in Sources */,
				26FA69132BCBC9EB00FD33CD /* MoonDetailView.swift in Sources */,
			);
			runOnlyForDeploymentPostprocessing = 0;
		};
/* End PBXSourcesBuildPhase section */

/* Begin XCBuildConfiguration section */
		26FA68F72BCA577B00FD33CD /* Debug */ = {
			isa = XCBuildConfiguration;
			buildSettings = {
				ALWAYS_SEARCH_USER_PATHS = NO;
				ASSETCATALOG_COMPILER_GENERATE_SWIFT_ASSET_SYMBOL_EXTENSIONS = YES;
				CLANG_ANALYZER_NONNULL = YES;
				CLANG_ANALYZER_NUMBER_OBJECT_CONVERSION = YES_AGGRESSIVE;
				CLANG_CXX_LANGUAGE_STANDARD = "gnu++20";
				CLANG_ENABLE_MODULES = YES;
				CLANG_ENABLE_OBJC_ARC = YES;
				CLANG_ENABLE_OBJC_WEAK = YES;
				CLANG_WARN_BLOCK_CAPTURE_AUTORELEASING = YES;
				CLANG_WARN_BOOL_CONVERSION = YES;
				CLANG_WARN_COMMA = YES;
				CLANG_WARN_CONSTANT_CONVERSION = YES;
				CLANG_WARN_DEPRECATED_OBJC_IMPLEMENTATIONS = YES;
				CLANG_WARN_DIRECT_OBJC_ISA_USAGE = YES_ERROR;
				CLANG_WARN_DOCUMENTATION_COMMENTS = YES;
				CLANG_WARN_EMPTY_BODY = YES;
				CLANG_WARN_ENUM_CONVERSION = YES;
				CLANG_WARN_INFINITE_RECURSION = YES;
				CLANG_WARN_INT_CONVERSION = YES;
				CLANG_WARN_NON_LITERAL_NULL_CONVERSION = YES;
				CLANG_WARN_OBJC_IMPLICIT_RETAIN_SELF = YES;
				CLANG_WARN_OBJC_LITERAL_CONVERSION = YES;
				CLANG_WARN_OBJC_ROOT_CLASS = YES_ERROR;
				CLANG_WARN_QUOTED_INCLUDE_IN_FRAMEWORK_HEADER = YES;
				CLANG_WARN_RANGE_LOOP_ANALYSIS = YES;
				CLANG_WARN_STRICT_PROTOTYPES = YES;
				CLANG_WARN_SUSPICIOUS_MOVE = YES;
				CLANG_WARN_UNGUARDED_AVAILABILITY = YES_AGGRESSIVE;
				CLANG_WARN_UNREACHABLE_CODE = YES;
				CLANG_WARN__DUPLICATE_METHOD_MATCH = YES;
				COPY_PHASE_STRIP = NO;
				DEBUG_INFORMATION_FORMAT = dwarf;
				ENABLE_STRICT_OBJC_MSGSEND = YES;
				ENABLE_TESTABILITY = YES;
				ENABLE_USER_SCRIPT_SANDBOXING = YES;
				GCC_C_LANGUAGE_STANDARD = gnu17;
				GCC_DYNAMIC_NO_PIC = NO;
				GCC_NO_COMMON_BLOCKS = YES;
				GCC_OPTIMIZATION_LEVEL = 0;
				GCC_PREPROCESSOR_DEFINITIONS = (
					"DEBUG=1",
					"$(inherited)",
				);
				GCC_WARN_64_TO_32_BIT_CONVERSION = YES;
				GCC_WARN_ABOUT_RETURN_TYPE = YES_ERROR;
				GCC_WARN_UNDECLARED_SELECTOR = YES;
				GCC_WARN_UNINITIALIZED_AUTOS = YES_AGGRESSIVE;
				GCC_WARN_UNUSED_FUNCTION = YES;
				GCC_WARN_UNUSED_VARIABLE = YES;
				IPHONEOS_DEPLOYMENT_TARGET = 17.2;
				LOCALIZATION_PREFERS_STRING_CATALOGS = YES;
				MTL_ENABLE_DEBUG_INFO = INCLUDE_SOURCE;
				MTL_FAST_MATH = YES;
				ONLY_ACTIVE_ARCH = YES;
				SDKROOT = iphoneos;
				SWIFT_ACTIVE_COMPILATION_CONDITIONS = "DEBUG $(inherited)";
				SWIFT_OPTIMIZATION_LEVEL = "-Onone";
			};
			name = Debug;
		};
		26FA68F82BCA577B00FD33CD /* Release */ = {
			isa = XCBuildConfiguration;
			buildSettings = {
				ALWAYS_SEARCH_USER_PATHS = NO;
				ASSETCATALOG_COMPILER_GENERATE_SWIFT_ASSET_SYMBOL_EXTENSIONS = YES;
				CLANG_ANALYZER_NONNULL = YES;
				CLANG_ANALYZER_NUMBER_OBJECT_CONVERSION = YES_AGGRESSIVE;
				CLANG_CXX_LANGUAGE_STANDARD = "gnu++20";
				CLANG_ENABLE_MODULES = YES;
				CLANG_ENABLE_OBJC_ARC = YES;
				CLANG_ENABLE_OBJC_WEAK = YES;
				CLANG_WARN_BLOCK_CAPTURE_AUTORELEASING = YES;
				CLANG_WARN_BOOL_CONVERSION = YES;
				CLANG_WARN_COMMA = YES;
				CLANG_WARN_CONSTANT_CONVERSION = YES;
				CLANG_WARN_DEPRECATED_OBJC_IMPLEMENTATIONS = YES;
				CLANG_WARN_DIRECT_OBJC_ISA_USAGE = YES_ERROR;
				CLANG_WARN_DOCUMENTATION_COMMENTS = YES;
				CLANG_WARN_EMPTY_BODY = YES;
				CLANG_WARN_ENUM_CONVERSION = YES;
				CLANG_WARN_INFINITE_RECURSION = YES;
				CLANG_WARN_INT_CONVERSION = YES;
				CLANG_WARN_NON_LITERAL_NULL_CONVERSION = YES;
				CLANG_WARN_OBJC_IMPLICIT_RETAIN_SELF = YES;
				CLANG_WARN_OBJC_LITERAL_CONVERSION = YES;
				CLANG_WARN_OBJC_ROOT_CLASS = YES_ERROR;
				CLANG_WARN_QUOTED_INCLUDE_IN_FRAMEWORK_HEADER = YES;
				CLANG_WARN_RANGE_LOOP_ANALYSIS = YES;
				CLANG_WARN_STRICT_PROTOTYPES = YES;
				CLANG_WARN_SUSPICIOUS_MOVE = YES;
				CLANG_WARN_UNGUARDED_AVAILABILITY = YES_AGGRESSIVE;
				CLANG_WARN_UNREACHABLE_CODE = YES;
				CLANG_WARN__DUPLICATE_METHOD_MATCH = YES;
				COPY_PHASE_STRIP = NO;
				DEBUG_INFORMATION_FORMAT = "dwarf-with-dsym";
				ENABLE_NS_ASSERTIONS = NO;
				ENABLE_STRICT_OBJC_MSGSEND = YES;
				ENABLE_USER_SCRIPT_SANDBOXING = YES;
				GCC_C_LANGUAGE_STANDARD = gnu17;
				GCC_NO_COMMON_BLOCKS = YES;
				GCC_WARN_64_TO_32_BIT_CONVERSION = YES;
				GCC_WARN_ABOUT_RETURN_TYPE = YES_ERROR;
				GCC_WARN_UNDECLARED_SELECTOR = YES;
				GCC_WARN_UNINITIALIZED_AUTOS = YES_AGGRESSIVE;
				GCC_WARN_UNUSED_FUNCTION = YES;
				GCC_WARN_UNUSED_VARIABLE = YES;
				IPHONEOS_DEPLOYMENT_TARGET = 17.2;
				LOCALIZATION_PREFERS_STRING_CATALOGS = YES;
				MTL_ENABLE_DEBUG_INFO = NO;
				MTL_FAST_MATH = YES;
				SDKROOT = iphoneos;
				SWIFT_COMPILATION_MODE = wholemodule;
				VALIDATE_PRODUCT = YES;
			};
			name = Release;
		};
		26FA68FA2BCA577B00FD33CD /* Debug */ = {
			isa = XCBuildConfiguration;
			buildSettings = {
				ASSETCATALOG_COMPILER_APPICON_NAME = AppIcon;
				ASSETCATALOG_COMPILER_GLOBAL_ACCENT_COLOR_NAME = AccentColor;
				CODE_SIGN_STYLE = Automatic;
				CURRENT_PROJECT_VERSION = 1;
				DEVELOPMENT_ASSET_PATHS = "\"Dal_Da/Preview Content\"";
				DEVELOPMENT_TEAM = LYC8XX4ZNC;
				ENABLE_PREVIEWS = YES;
				GENERATE_INFOPLIST_FILE = YES;
				INFOPLIST_FILE = "Dal-Da-Info.plist";
				INFOPLIST_KEY_NSCameraUsageDescription = "이 앱은 사진을 촬영하기 위해 카메라를 사용합니다. 카메라 접근을 허용해주세요.";
				INFOPLIST_KEY_NSPhotoLibraryAddUsageDescription = "이 앱은 사진을 촬영 후 저장합니다. 앨범 쓰기 권한을 허용해주세요.";
				INFOPLIST_KEY_UIApplicationSceneManifest_Generation = YES;
				INFOPLIST_KEY_UIApplicationSupportsIndirectInputEvents = YES;
				INFOPLIST_KEY_UILaunchScreen_Generation = YES;
				INFOPLIST_KEY_UISupportedInterfaceOrientations_iPad = "UIInterfaceOrientationPortrait UIInterfaceOrientationPortraitUpsideDown UIInterfaceOrientationLandscapeLeft UIInterfaceOrientationLandscapeRight";
				INFOPLIST_KEY_UISupportedInterfaceOrientations_iPhone = "UIInterfaceOrientationPortrait UIInterfaceOrientationLandscapeLeft UIInterfaceOrientationLandscapeRight";
				LD_RUNPATH_SEARCH_PATHS = (
					"$(inherited)",
					"@executable_path/Frameworks",
				);
				MARKETING_VERSION = 1.0;
				PRODUCT_BUNDLE_IDENTIFIER = "zaehorang.Dal-Da";
				PRODUCT_NAME = "$(TARGET_NAME)";
				SWIFT_EMIT_LOC_STRINGS = YES;
				SWIFT_VERSION = 5.0;
				TARGETED_DEVICE_FAMILY = "1,2";
			};
			name = Debug;
		};
		26FA68FB2BCA577B00FD33CD /* Release */ = {
			isa = XCBuildConfiguration;
			buildSettings = {
				ASSETCATALOG_COMPILER_APPICON_NAME = AppIcon;
				ASSETCATALOG_COMPILER_GLOBAL_ACCENT_COLOR_NAME = AccentColor;
				CODE_SIGN_STYLE = Automatic;
				CURRENT_PROJECT_VERSION = 1;
				DEVELOPMENT_ASSET_PATHS = "\"Dal_Da/Preview Content\"";
				DEVELOPMENT_TEAM = LYC8XX4ZNC;
				ENABLE_PREVIEWS = YES;
				GENERATE_INFOPLIST_FILE = YES;
				INFOPLIST_FILE = "Dal-Da-Info.plist";
				INFOPLIST_KEY_NSCameraUsageDescription = "이 앱은 사진을 촬영하기 위해 카메라를 사용합니다. 카메라 접근을 허용해주세요.";
				INFOPLIST_KEY_NSPhotoLibraryAddUsageDescription = "이 앱은 사진을 촬영 후 저장합니다. 앨범 쓰기 권한을 허용해주세요.";
				INFOPLIST_KEY_UIApplicationSceneManifest_Generation = YES;
				INFOPLIST_KEY_UIApplicationSupportsIndirectInputEvents = YES;
				INFOPLIST_KEY_UILaunchScreen_Generation = YES;
				INFOPLIST_KEY_UISupportedInterfaceOrientations_iPad = "UIInterfaceOrientationPortrait UIInterfaceOrientationPortraitUpsideDown UIInterfaceOrientationLandscapeLeft UIInterfaceOrientationLandscapeRight";
				INFOPLIST_KEY_UISupportedInterfaceOrientations_iPhone = "UIInterfaceOrientationPortrait UIInterfaceOrientationLandscapeLeft UIInterfaceOrientationLandscapeRight";
				LD_RUNPATH_SEARCH_PATHS = (
					"$(inherited)",
					"@executable_path/Frameworks",
				);
				MARKETING_VERSION = 1.0;
				PRODUCT_BUNDLE_IDENTIFIER = "zaehorang.Dal-Da";
				PRODUCT_NAME = "$(TARGET_NAME)";
				SWIFT_EMIT_LOC_STRINGS = YES;
				SWIFT_VERSION = 5.0;
				TARGETED_DEVICE_FAMILY = "1,2";
			};
			name = Release;
		};
/* End XCBuildConfiguration section */

/* Begin XCConfigurationList section */
		26FA68E62BCA577900FD33CD /* Build configuration list for PBXProject "Dal_Da" */ = {
			isa = XCConfigurationList;
			buildConfigurations = (
				26FA68F72BCA577B00FD33CD /* Debug */,
				26FA68F82BCA577B00FD33CD /* Release */,
			);
			defaultConfigurationIsVisible = 0;
			defaultConfigurationName = Release;
		};
		26FA68F92BCA577B00FD33CD /* Build configuration list for PBXNativeTarget "Dal_Da" */ = {
			isa = XCConfigurationList;
			buildConfigurations = (
				26FA68FA2BCA577B00FD33CD /* Debug */,
				26FA68FB2BCA577B00FD33CD /* Release */,
			);
			defaultConfigurationIsVisible = 0;
			defaultConfigurationName = Release;
		};
/* End XCConfigurationList section */
	};
	rootObject = 26FA68E32BCA577900FD33CD /* Project object */;
}
